
Microsoft Visual Studio Solution File, Format Version 12.00
# Visual Studio Version 17
VisualStudioVersion = 17.3.32929.385
MinimumVisualStudioVersion = 10.0.40219.1
Project("{FAE04EC0-301F-11D3-BF4B-00C04F79EFBC}") = "Farm_01", "Farm_01\Farm_01.csproj", "{5F9E1CB0-6AD3-4EAC-9C55-D5F697988E9C}"
EndProject
Project("{2150E333-8FDC-42A3-9474-1A3956D46DE8}") = "Solution Items", "Solution Items", "{39B922B5-FBFD-47E6-B011-F64460C5A114}"
	ProjectSection(SolutionItems) = preProject
		.editorconfig = .editorconfig
	EndProjectSection
EndProject
Project("{9A19103F-16F7-4668-BE54-9A1E7A4F7556}") = "TestProject2", "TestProject2\TestProject2.csproj", "{BAF391AB-FAE7-4589-8D9D-C7B8FB126712}"
EndProject
Global
	GlobalSection(SolutionConfigurationPlatforms) = preSolution
		Debug|Any CPU = Debug|Any CPU
		Release|Any CPU = Release|Any CPU
	EndGlobalSection
	GlobalSection(ProjectConfigurationPlatforms) = postSolution
		{5F9E1CB0-6AD3-4EAC-9C55-D5F697988E9C}.Debug|Any CPU.ActiveCfg = Debug|Any CPU
		{5F9E1CB0-6AD3-4EAC-9C55-D5F697988E9C}.Debug|Any CPU.Build.0 = Debug|Any CPU
		{5F9E1CB0-6AD3-4EAC-9C55-D5F697988E9C}.Release|Any CPU.ActiveCfg = Release|Any CPU
		{5F9E1CB0-6AD3-4EAC-9C55-D5F697988E9C}.Release|Any CPU.Build.0 = Release|Any CPU
		{BAF391AB-FAE7-4589-8D9D-C7B8FB126712}.Debug|Any CPU.ActiveCfg = Debug|Any CPU
		{BAF391AB-FAE7-4589-8D9D-C7B8FB126712}.Debug|Any CPU.Build.0 = Debug|Any CPU
		{BAF391AB-FAE7-4589-8D9D-C7B8FB126712}.Release|Any CPU.ActiveCfg = Release|Any CPU
		{BAF391AB-FAE7-4589-8D9D-C7B8FB126712}.Release|Any CPU.Build.0 = Release|Any CPU
	EndGlobalSection
	GlobalSection(SolutionProperties) = preSolution
		HideSolutionNode = FALSE
	EndGlobalSection
	GlobalSection(ExtensibilityGlobals) = postSolution
		SolutionGuid = {83C38830-C45B-4F50-BAC3-BDF5782B6A92}
	EndGlobalSection
EndGlobal
